// !$*UTF8*$!
{
	archiveVersion = 1;
	classes = {
	};
	objectVersion = 77;
	objects = {

/* Begin PBXBuildFile section */
		BE01DE852F6D25650027755F /* SnapKit in Frameworks */ = {isa = PBXBuildFile; productRef = BE01DE842F6D25650027755F /* SnapKit */; };
		BE01DF442F6D31A10027755F /* Kingfisher in Frameworks */ = {isa = PBXBuildFile; productRef = BE01DF432F6D31A10027755F /* Kingfisher */; };
		BE01DF472F6D31BE0027755F /* RxCocoa in Frameworks */ = {isa = PBXBuildFile; productRef = BE01DF462F6D31BE0027755F /* RxCocoa */; };
		BE01DF492F6D31BE0027755F /* RxRelay in Frameworks */ = {isa = PBXBuildFile; productRef = BE01DF482F6D31BE0027755F /* RxRelay */; };
		BE01DF4B2F6D31BE0027755F /* RxSwift in Frameworks */ = {isa = PBXBuildFile; productRef = BE01DF4A2F6D31BE0027755F /* RxSwift */; };
		BE01DF4E2F6D31D10027755F /* Alamofire in Frameworks */ = {isa = PBXBuildFile; productRef = BE01DF4D2F6D31D10027755F /* Alamofire */; };
		BE01DF512F6D32000027755F /* RealmSwift in Frameworks */ = {isa = PBXBuildFile; productRef = BE01DF502F6D32000027755F /* RealmSwift */; };
/* End PBXBuildFile section */

/* Begin PBXFileReference section */
		BE01DE652F6D10E30027755F /* Bookmate.app */ = {isa = PBXFileReference; explicitFileType = wrapper.application; includeInIndex = 0; path = Bookmate.app; sourceTree = BUILT_PRODUCTS_DIR; };
		BE01DF5A2F6D40000027755F /* Secrets.xcconfig */ = {isa = PBXFileReference; lastKnownFileType = text.xcconfig; path = Secrets.xcconfig; sourceTree = "<group>"; };
/* End PBXFileReference section */

/* Begin PBXFileSystemSynchronizedBuildFileExceptionSet section */
		BE01DE772F6D10E50027755F /* Exceptions for "Bookmate" folder in "Bookmate" target */ = {
			isa = PBXFileSystemSynchronizedBuildFileExceptionSet;
			membershipExceptions = (
				Info.plist,
			);
			target = BE01DE642F6D10E30027755F /* Bookmate */;
		};
/* End PBXFileSystemSynchronizedBuildFileExceptionSet section */

/* Begin PBXFileSystemSynchronizedRootGroup section */
		BE01DE672F6D10E30027755F /* Bookmate */ = {
			isa = PBXFileSystemSynchronizedRootGroup;
			exceptions = (
				BE01DE772F6D10E50027755F /* Exceptions for "Bookmate" folder in "Bookmate" target */,
			);
			path = Bookmate;
			sourceTree = "<group>";
		};
/* End PBXFileSystemSynchronizedRootGroup section */

/* Begin PBXFrameworksBuildPhase section */
		BE01DE622F6D10E30027755F /* Frameworks */ = {
			isa = PBXFrameworksBuildPhase;
			buildActionMask = 2147483647;
			files = (
				BE01DF472F6D31BE0027755F /* RxCocoa in Frameworks */,
				BE01DF442F6D31A10027755F /* Kingfisher in Frameworks */,
				BE01DF512F6D32000027755F /* RealmSwift in Frameworks */,
				BE01DF4B2F6D31BE0027755F /* RxSwift in Frameworks */,
				BE01DF4E2F6D31D10027755F /* Alamofire in Frameworks */,
				BE01DF492F6D31BE0027755F /* RxRelay in Frameworks */,
				BE01DE852F6D25650027755F /* SnapKit in Frameworks */,
			);
			runOnlyForDeploymentPostprocessing = 0;
		};
/* End PBXFrameworksBuildPhase section */

/* Begin PBXGroup section */
		BE01DE5C2F6D10E30027755F = {
			isa = PBXGroup;
			children = (
				BE01DF5A2F6D40000027755F /* Secrets.xcconfig */,
				BE01DE672F6D10E30027755F /* Bookmate */,
				BE01DE662F6D10E30027755F /* Products */,
			);
			sourceTree = "<group>";
		};
		BE01DE662F6D10E30027755F /* Products */ = {
			isa = PBXGroup;
			children = (
				BE01DE652F6D10E30027755F /* Bookmate.app */,
			);
			name = Products;
			sourceTree = "<group>";
		};
/* End PBXGroup section */

/* Begin PBXNativeTarget section */
		BE01DE642F6D10E30027755F /* Bookmate */ = {
			isa = PBXNativeTarget;
			buildConfigurationList = BE01DE782F6D10E50027755F /* Build configuration list for PBXNativeTarget "Bookmate" */;
			buildPhases = (
				BE01DE612F6D10E30027755F /* Sources */,
				BE01DE622F6D10E30027755F /* Frameworks */,
				BE01DE632F6D10E30027755F /* Resources */,
			);
			buildRules = (
			);
			dependencies = (
			);
			fileSystemSynchronizedGroups = (
				BE01DE672F6D10E30027755F /* Bookmate */,
			);
			name = Bookmate;
			packageProductDependencies = (
				BE01DE842F6D25650027755F /* SnapKit */,
				BE01DF432F6D31A10027755F /* Kingfisher */,
				BE01DF462F6D31BE0027755F /* RxCocoa */,
				BE01DF482F6D31BE0027755F /* RxRelay */,
				BE01DF4A2F6D31BE0027755F /* RxSwift */,
				BE01DF4D2F6D31D10027755F /* Alamofire */,
				BE01DF502F6D32000027755F /* RealmSwift */,
			);
			productName = Bookmate;
			productReference = BE01DE652F6D10E30027755F /* Bookmate.app */;
			productType = "com.apple.product-type.application";
		};
/* End PBXNativeTarget section */

/* Begin PBXProject section */
		BE01DE5D2F6D10E30027755F /* Project object */ = {
			isa = PBXProject;
			attributes = {
				BuildIndependentTargetsInParallel = 1;
				LastSwiftUpdateCheck = 2610;
				LastUpgradeCheck = 2610;
				TargetAttributes = {
					BE01DE642F6D10E30027755F = {
						CreatedOnToolsVersion = 26.1.1;
					};
				};
			};
			buildConfigurationList = BE01DE602F6D10E30027755F /* Build configuration list for PBXProject "Bookmate" */;
			developmentRegion = en;
			hasScannedForEncodings = 0;
			knownRegions = (
				en,
				Base,
			);
			mainGroup = BE01DE5C2F6D10E30027755F;
			minimizedProjectReferenceProxies = 1;
			packageReferences = (
				BE01DE832F6D25650027755F /* XCRemoteSwiftPackageReference "SnapKit" */,
				BE01DF422F6D31A10027755F /* XCRemoteSwiftPackageReference "Kingfisher" */,
				BE01DF452F6D31BE0027755F /* XCRemoteSwiftPackageReference "RxSwift" */,
				BE01DF4C2F6D31D10027755F /* XCRemoteSwiftPackageReference "Alamofire" */,
				BE01DF4F2F6D32000027755F /* XCRemoteSwiftPackageReference "realm-swift" */,
			);
			preferredProjectObjectVersion = 77;
			productRefGroup = BE01DE662F6D10E30027755F /* Products */;
			projectDirPath = "";
			projectRoot = "";
			targets = (
				BE01DE642F6D10E30027755F /* Bookmate */,
			);
		};
/* End PBXProject section */

/* Begin PBXResourcesBuildPhase section */
		BE01DE632F6D10E30027755F /* Resources */ = {
			isa = PBXResourcesBuildPhase;
			buildActionMask = 2147483647;
			files = (
			);
			runOnlyForDeploymentPostprocessing = 0;
		};
/* End PBXResourcesBuildPhase section */

/* Begin PBXSourcesBuildPhase section */
		BE01DE612F6D10E30027755F /* Sources */ = {
			isa = PBXSourcesBuildPhase;
			buildActionMask = 2147483647;
			files = (
			);
			runOnlyForDeploymentPostprocessing = 0;
		};
/* End PBXSourcesBuildPhase section */

/* Begin XCBuildConfiguration section */
		BE01DE792F6D10E50027755F /* Debug */ = {
			isa = XCBuildConfiguration;
			baseConfigurationReference = BE01DF5A2F6D40000027755F /* Secrets.xcconfig */;
			buildSettings = {
				ASSETCATALOG_COMPILER_APPICON_NAME = AppIcon;
				ASSETCATALOG_COMPILER_GLOBAL_ACCENT_COLOR_NAME = AccentColor;
				CODE_SIGN_STYLE = Automatic;
				CURRENT_PROJECT_VERSION = 1;
				DEVELOPMENT_TEAM = D7F6ZDDCV9;
				GENERATE_INFOPLIST_FILE = YES;
				INFOPLIST_FILE = Bookmate/Info.plist;
				INFOPLIST_KEY_UIApplicationSupportsIndirectInputEvents = YES;
				INFOPLIST_KEY_UILaunchStoryboardName = LaunchScreen;
				INFOPLIST_KEY_UIMainStoryboardFile = Main;
				INFOPLIST_KEY_UISupportedInterfaceOrientations = UIInterfaceOrientationPortrait;
				INFOPLIST_KEY_UISupportedInterfaceOrientations_iPad = "UIInterfaceOrientationLandscapeLeft UIInterfaceOrientationLandscapeRight UIInterfaceOrientationPortrait UIInterfaceOrientationPortraitUpsideDown";
				IPHONEOS_DEPLOYMENT_TARGET = 18.0;
				LD_RUNPATH_SEARCH_PATHS = (
					"$(inherited)",
					"@executable_path/Frameworks",
				);
				MARKETING_VERSION = 1.0;
				PRODUCT_BUNDLE_IDENTIFIER = com.gucci.Bookmate;
				PRODUCT_NAME = "$(TARGET_NAME)";
				STRING_CATALOG_GENERATE_SYMBOLS = YES;
				SUPPORTED_PLATFORMS = "iphoneos iphonesimulator";
				SUPPORTS_MACCATALYST = NO;
				SUPPORTS_MAC_DESIGNED_FOR_IPHONE_IPAD = NO;
				SUPPORTS_XR_DESIGNED_FOR_IPHONE_IPAD = NO;
				SWIFT_APPROACHABLE_CONCURRENCY = YES;
				SWIFT_DEFAULT_ACTOR_ISOLATION = MainActor;
				SWIFT_EMIT_LOC_STRINGS = YES;
				SWIFT_UPCOMING_FEATURE_MEMBER_IMPORT_VISIBILITY = YES;
				SWIFT_VERSION = 5.0;
				TARGETED_DEVICE_FAMILY = 1;
			};
			name = Debug;
		};
		BE01DE7A2F6D10E50027755F /* Release */ = {
			isa = XCBuildConfiguration;
			baseConfigurationReference = BE01DF5A2F6D40000027755F /* Secrets.xcconfig */;
			buildSettings = {
				ASSETCATALOG_COMPILER_APPICON_NAME = AppIcon;
				ASSETCATALOG_COMPILER_GLOBAL_ACCENT_COLOR_NAME = AccentColor;
				CODE_SIGN_STYLE = Automatic;
				CURRENT_PROJECT_VERSION = 1;
				DEVELOPMENT_TEAM = D7F6ZDDCV9;
				GENERATE_INFOPLIST_FILE = YES;
				INFOPLIST_FILE = Bookmate/Info.plist;
				INFOPLIST_KEY_UIApplicationSupportsIndirectInputEvents = YES;
				INFOPLIST_KEY_UILaunchStoryboardName = LaunchScreen;
				INFOPLIST_KEY_UIMainStoryboardFile = Main;
				INFOPLIST_KEY_UISupportedInterfaceOrientations = UIInterfaceOrientationPortrait;
				INFOPLIST_KEY_UISupportedInterfaceOrientations_iPad = "UIInterfaceOrientationLandscapeLeft UIInterfaceOrientationLandscapeRight UIInterfaceOrientationPortrait UIInterfaceOrientationPortraitUpsideDown";
				IPHONEOS_DEPLOYMENT_TARGET = 18.0;
				LD_RUNPATH_SEARCH_PATHS = (
					"$(inherited)",
					"@executable_path/Frameworks",
				);
				MARKETING_VERSION = 1.0;
				PRODUCT_BUNDLE_IDENTIFIER = com.gucci.Bookmate;
				PRODUCT_NAME = "$(TARGET_NAME)";
				STRING_CATALOG_GENERATE_SYMBOLS = YES;
				SUPPORTED_PLATFORMS = "iphoneos iphonesimulator";
				SUPPORTS_MACCATALYST = NO;
				SUPPORTS_MAC_DESIGNED_FOR_IPHONE_IPAD = NO;
				SUPPORTS_XR_DESIGNED_FOR_IPHONE_IPAD = NO;
				SWIFT_APPROACHABLE_CONCURRENCY = YES;
				SWIFT_DEFAULT_ACTOR_ISOLATION = MainActor;
				SWIFT_EMIT_LOC_STRINGS = YES;
				SWIFT_UPCOMING_FEATURE_MEMBER_IMPORT_VISIBILITY = YES;
				SWIFT_VERSION = 5.0;
				TARGETED_DEVICE_FAMILY = 1;
			};
			name = Release;
		};
		BE01DE7B2F6D10E50027755F /* Debug */ = {
			isa = XCBuildConfiguration;
			buildSettings = {
				ALWAYS_SEARCH_USER_PATHS = NO;
				ASSETCATALOG_COMPILER_GENERATE_SWIFT_ASSET_SYMBOL_EXTENSIONS = YES;
				CLANG_ANALYZER_NONNULL = YES;
				CLANG_ANALYZER_NUMBER_OBJECT_CONVERSION = YES_AGGRESSIVE;
				CLANG_CXX_LANGUAGE_STANDARD = "gnu++20";
				CLANG_ENABLE_MODULES = YES;
				CLANG_ENABLE_OBJC_ARC = YES;
				CLANG_ENABLE_OBJC_WEAK = YES;
				CLANG_WARN_BLOCK_CAPTURE_AUTORELEASING = YES;
				CLANG_WARN_BOOL_CONVERSION = YES;
				CLANG_WARN_COMMA = YES;
				CLANG_WARN_CONSTANT_CONVERSION = YES;
				CLANG_WARN_DEPRECATED_OBJC_IMPLEMENTATIONS = YES;
				CLANG_WARN_DIRECT_OBJC_ISA_USAGE = YES_ERROR;
				CLANG_WARN_DOCUMENTATION_COMMENTS = YES;
				CLANG_WARN_EMPTY_BODY = YES;
				CLANG_WARN_ENUM_CONVERSION = YES;
				CLANG_WARN_INFINITE_RECURSION = YES;
				CLANG_WARN_INT_CONVERSION = YES;
				CLANG_WARN_NON_LITERAL_NULL_CONVERSION = YES;
				CLANG_WARN_OBJC_IMPLICIT_RETAIN_SELF = YES;
				CLANG_WARN_OBJC_LITERAL_CONVERSION = YES;
				CLANG_WARN_OBJC_ROOT_CLASS = YES_ERROR;
				CLANG_WARN_QUOTED_INCLUDE_IN_FRAMEWORK_HEADER = YES;
				CLANG_WARN_RANGE_LOOP_ANALYSIS = YES;
				CLANG_WARN_STRICT_PROTOTYPES = YES;
				CLANG_WARN_SUSPICIOUS_MOVE = YES;
				CLANG_WARN_UNGUARDED_AVAILABILITY = YES_AGGRESSIVE;
				CLANG_WARN_UNREACHABLE_CODE = YES;
				CLANG_WARN__DUPLICATE_METHOD_MATCH = YES;
				COPY_PHASE_STRIP = NO;
				DEBUG_INFORMATION_FORMAT = dwarf;
				DEVELOPMENT_TEAM = D7F6ZDDCV9;
				ENABLE_STRICT_OBJC_MSGSEND = YES;
				ENABLE_TESTABILITY = YES;
				ENABLE_USER_SCRIPT_SANDBOXING = YES;
				GCC_C_LANGUAGE_STANDARD = gnu17;
				GCC_DYNAMIC_NO_PIC = NO;
				GCC_NO_COMMON_BLOCKS = YES;
				GCC_OPTIMIZATION_LEVEL = 0;
				GCC_PREPROCESSOR_DEFINITIONS = (
					"DEBUG=1",
					"$(inherited)",
				);
				GCC_WARN_64_TO_32_BIT_CONVERSION = YES;
				GCC_WARN_ABOUT_RETURN_TYPE = YES_ERROR;
				GCC_WARN_UNDECLARED_SELECTOR = YES;
				GCC_WARN_UNINITIALIZED_AUTOS = YES_AGGRESSIVE;
				GCC_WARN_UNUSED_FUNCTION = YES;
				GCC_WARN_UNUSED_VARIABLE = YES;
				IPHONEOS_DEPLOYMENT_TARGET = 26.1;
				LOCALIZATION_PREFERS_STRING_CATALOGS = YES;
				MTL_ENABLE_DEBUG_INFO = INCLUDE_SOURCE;
				MTL_FAST_MATH = YES;
				ONLY_ACTIVE_ARCH = YES;
				SDKROOT = iphoneos;
				SWIFT_ACTIVE_COMPILATION_CONDITIONS = "DEBUG $(inherited)";
				SWIFT_OPTIMIZATION_LEVEL = "-Onone";
			};
			name = Debug;
		};
		BE01DE7C2F6D10E50027755F /* Release */ = {
			isa = XCBuildConfiguration;
			buildSettings = {
				ALWAYS_SEARCH_USER_PATHS = NO;
				ASSETCATALOG_COMPILER_GENERATE_SWIFT_ASSET_SYMBOL_EXTENSIONS = YES;
				CLANG_ANALYZER_NONNULL = YES;
				CLANG_ANALYZER_NUMBER_OBJECT_CONVERSION = YES_AGGRESSIVE;
				CLANG_CXX_LANGUAGE_STANDARD = "gnu++20";
				CLANG_ENABLE_MODULES = YES;
				CLANG_ENABLE_OBJC_ARC = YES;
				CLANG_ENABLE_OBJC_WEAK = YES;
				CLANG_WARN_BLOCK_CAPTURE_AUTORELEASING = YES;
				CLANG_WARN_BOOL_CONVERSION = YES;
				CLANG_WARN_COMMA = YES;
				CLANG_WARN_CONSTANT_CONVERSION = YES;
				CLANG_WARN_DEPRECATED_OBJC_IMPLEMENTATIONS = YES;
				CLANG_WARN_DIRECT_OBJC_ISA_USAGE = YES_ERROR;
				CLANG_WARN_DOCUMENTATION_COMMENTS = YES;
				CLANG_WARN_EMPTY_BODY = YES;
				CLANG_WARN_ENUM_CONVERSION = YES;
				CLANG_WARN_INFINITE_RECURSION = YES;
				CLANG_WARN_INT_CONVERSION = YES;
				CLANG_WARN_NON_LITERAL_NULL_CONVERSION = YES;
				CLANG_WARN_OBJC_IMPLICIT_RETAIN_SELF = YES;
				CLANG_WARN_OBJC_LITERAL_CONVERSION = YES;
				CLANG_WARN_OBJC_ROOT_CLASS = YES_ERROR;
				CLANG_WARN_QUOTED_INCLUDE_IN_FRAMEWORK_HEADER = YES;
				CLANG_WARN_RANGE_LOOP_ANALYSIS = YES;
				CLANG_WARN_STRICT_PROTOTYPES = YES;
				CLANG_WARN_SUSPICIOUS_MOVE = YES;
				CLANG_WARN_UNGUARDED_AVAILABILITY = YES_AGGRESSIVE;
				CLANG_WARN_UNREACHABLE_CODE = YES;
				CLANG_WARN__DUPLICATE_METHOD_MATCH = YES;
				COPY_PHASE_STRIP = NO;
				DEBUG_INFORMATION_FORMAT = "dwarf-with-dsym";
				DEVELOPMENT_TEAM = D7F6ZDDCV9;
				ENABLE_NS_ASSERTIONS = NO;
				ENABLE_STRICT_OBJC_MSGSEND = YES;
				ENABLE_USER_SCRIPT_SANDBOXING = YES;
				GCC_C_LANGUAGE_STANDARD = gnu17;
				GCC_NO_COMMON_BLOCKS = YES;
				GCC_WARN_64_TO_32_BIT_CONVERSION = YES;
				GCC_WARN_ABOUT_RETURN_TYPE = YES_ERROR;
				GCC_WARN_UNDECLARED_SELECTOR = YES;
				GCC_WARN_UNINITIALIZED_AUTOS = YES_AGGRESSIVE;
				GCC_WARN_UNUSED_FUNCTION = YES;
				GCC_WARN_UNUSED_VARIABLE = YES;
				IPHONEOS_DEPLOYMENT_TARGET = 26.1;
				LOCALIZATION_PREFERS_STRING_CATALOGS = YES;
				MTL_ENABLE_DEBUG_INFO = NO;
				MTL_FAST_MATH = YES;
				SDKROOT = iphoneos;
				SWIFT_COMPILATION_MODE = wholemodule;
				VALIDATE_PRODUCT = YES;
			};
			name = Release;
		};
/* End XCBuildConfiguration section */

/* Begin XCConfigurationList section */
		BE01DE602F6D10E30027755F /* Build configuration list for PBXProject "Bookmate" */ = {
			isa = XCConfigurationList;
			buildConfigurations = (
				BE01DE7B2F6D10E50027755F /* Debug */,
				BE01DE7C2F6D10E50027755F /* Release */,
			);
			defaultConfigurationIsVisible = 0;
			defaultConfigurationName = Release;
		};
		BE01DE782F6D10E50027755F /* Build configuration list for PBXNativeTarget "Bookmate" */ = {
			isa = XCConfigurationList;
			buildConfigurations = (
				BE01DE792F6D10E50027755F /* Debug */,
				BE01DE7A2F6D10E50027755F /* Release */,
			);
			defaultConfigurationIsVisible = 0;
			defaultConfigurationName = Release;
		};
/* End XCConfigurationList section */

/* Begin XCRemoteSwiftPackageReference section */
		BE01DE832F6D25650027755F /* XCRemoteSwiftPackageReference "SnapKit" */ = {
			isa = XCRemoteSwiftPackageReference;
			repositoryURL = "https://github.com/SnapKit/SnapKit.git";
			requirement = {
				kind = upToNextMajorVersion;
				minimumVersion = 5.7.1;
			};
		};
		BE01DF422F6D31A10027755F /* XCRemoteSwiftPackageReference "Kingfisher" */ = {
			isa = XCRemoteSwiftPackageReference;
			repositoryURL = "https://github.com/onevcat/Kingfisher.git";
			requirement = {
				kind = upToNextMajorVersion;
				minimumVersion = 8.8.0;
			};
		};
		BE01DF452F6D31BE0027755F /* XCRemoteSwiftPackageReference "RxSwift" */ = {
			isa = XCRemoteSwiftPackageReference;
			repositoryURL = "https://github.com/ReactiveX/RxSwift.git";
			requirement = {
				kind = upToNextMajorVersion;
				minimumVersion = 6.10.2;
			};
		};
		BE01DF4C2F6D31D10027755F /* XCRemoteSwiftPackageReference "Alamofire" */ = {
			isa = XCRemoteSwiftPackageReference;
			repositoryURL = "https://github.com/Alamofire/Alamofire";
			requirement = {
				kind = upToNextMajorVersion;
				minimumVersion = 5.11.1;
			};
		};
		BE01DF4F2F6D32000027755F /* XCRemoteSwiftPackageReference "realm-swift" */ = {
			isa = XCRemoteSwiftPackageReference;
			repositoryURL = "https://github.com/realm/realm-swift.git";
			requirement = {
				kind = upToNextMajorVersion;
				minimumVersion = 20.0.0;
			};
		};
/* End XCRemoteSwiftPackageReference section */

/* Begin XCSwiftPackageProductDependency section */
		BE01DE842F6D25650027755F /* SnapKit */ = {
			isa = XCSwiftPackageProductDependency;
			package = BE01DE832F6D25650027755F /* XCRemoteSwiftPackageReference "SnapKit" */;
			productName = SnapKit;
		};
		BE01DF432F6D31A10027755F /* Kingfisher */ = {
			isa = XCSwiftPackageProductDependency;
			package = BE01DF422F6D31A10027755F /* XCRemoteSwiftPackageReference "Kingfisher" */;
			productName = Kingfisher;
		};
		BE01DF462F6D31BE0027755F /* RxCocoa */ = {
			isa = XCSwiftPackageProductDependency;
			package = BE01DF452F6D31BE0027755F /* XCRemoteSwiftPackageReference "RxSwift" */;
			productName = RxCocoa;
		};
		BE01DF482F6D31BE0027755F /* RxRelay */ = {
			isa = XCSwiftPackageProductDependency;
			package = BE01DF452F6D31BE0027755F /* XCRemoteSwiftPackageReference "RxSwift" */;
			productName = RxRelay;
		};
		BE01DF4A2F6D31BE0027755F /* RxSwift */ = {
			isa = XCSwiftPackageProductDependency;
			package = BE01DF452F6D31BE0027755F /* XCRemoteSwiftPackageReference "RxSwift" */;
			productName = RxSwift;
		};
		BE01DF4D2F6D31D10027755F /* Alamofire */ = {
			isa = XCSwiftPackageProductDependency;
			package = BE01DF4C2F6D31D10027755F /* XCRemoteSwiftPackageReference "Alamofire" */;
			productName = Alamofire;
		};
		BE01DF502F6D32000027755F /* RealmSwift */ = {
			isa = XCSwiftPackageProductDependency;
			package = BE01DF4F2F6D32000027755F /* XCRemoteSwiftPackageReference "realm-swift" */;
			productName = RealmSwift;
		};
/* End XCSwiftPackageProductDependency section */
	};
	rootObject = BE01DE5D2F6D10E30027755F /* Project object */;
}
